
Microsoft Visual Studio Solution File, Format Version 12.00
# Visual Studio 15
VisualStudioVersion = 15.0.26124.0
MinimumVisualStudioVersion = 15.0.26124.0
Project("{2150E333-8FDC-42A3-9474-1A3956D46DE8}") = "src", "src", "{EE67857F-9FAD-4C2B-AABC-3C592764C33C}"
EndProject
Project("{FAE04EC0-301F-11D3-BF4B-00C04F79EFBC}") = "TransactionReportGenerator", "src\TransactionReportGenerator\TransactionReportGenerator.csproj", "{C08BB52B-CFC7-4C53-BEBB-CBBFCF309B55}"
EndProject
Project("{2150E333-8FDC-42A3-9474-1A3956D46DE8}") = "test", "test", "{D45F1927-6DDD-4617-8A23-A03184A81F0F}"
EndProject
Project("{FAE04EC0-301F-11D3-BF4B-00C04F79EFBC}") = "TransactionReportGenerator.Test", "test\TransactionReportGenerator.Test\TransactionReportGenerator.Test.csproj", "{CF7DBB38-5931-47E2-AE13-EF627624C542}"
EndProject
Global
	GlobalSection(SolutionConfigurationPlatforms) = preSolution
		Debug|Any CPU = Debug|Any CPU
		Debug|x64 = Debug|x64
		Debug|x86 = Debug|x86
		Release|Any CPU = Release|Any CPU
		Release|x64 = Release|x64
		Release|x86 = Release|x86
	EndGlobalSection
	GlobalSection(SolutionProperties) = preSolution
		HideSolutionNode = FALSE
	EndGlobalSection
	GlobalSection(ProjectConfigurationPlatforms) = postSolution
		{C08BB52B-CFC7-4C53-BEBB-CBBFCF309B55}.Debug|Any CPU.ActiveCfg = Debug|Any CPU
		{C08BB52B-CFC7-4C53-BEBB-CBBFCF309B55}.Debug|Any CPU.Build.0 = Debug|Any CPU
		{C08BB52B-CFC7-4C53-BEBB-CBBFCF309B55}.Debug|x64.ActiveCfg = Debug|x64
		{C08BB52B-CFC7-4C53-BEBB-CBBFCF309B55}.Debug|x64.Build.0 = Debug|x64
		{C08BB52B-CFC7-4C53-BEBB-CBBFCF309B55}.Debug|x86.ActiveCfg = Debug|x86
		{C08BB52B-CFC7-4C53-BEBB-CBBFCF309B55}.Debug|x86.Build.0 = Debug|x86
		{C08BB52B-CFC7-4C53-BEBB-CBBFCF309B55}.Release|Any CPU.ActiveCfg = Release|Any CPU
		{C08BB52B-CFC7-4C53-BEBB-CBBFCF309B55}.Release|Any CPU.Build.0 = Release|Any CPU
		{C08BB52B-CFC7-4C53-BEBB-CBBFCF309B55}.Release|x64.ActiveCfg = Release|x64
		{C08BB52B-CFC7-4C53-BEBB-CBBFCF309B55}.Release|x64.Build.0 = Release|x64
		{C08BB52B-CFC7-4C53-BEBB-CBBFCF309B55}.Release|x86.ActiveCfg = Release|x86
		{C08BB52B-CFC7-4C53-BEBB-CBBFCF309B55}.Release|x86.Build.0 = Release|x86
		{CF7DBB38-5931-47E2-AE13-EF627624C542}.Debug|Any CPU.ActiveCfg = Debug|Any CPU
		{CF7DBB38-5931-47E2-AE13-EF627624C542}.Debug|Any CPU.Build.0 = Debug|Any CPU
		{CF7DBB38-5931-47E2-AE13-EF627624C542}.Debug|x64.ActiveCfg = Debug|x64
		{CF7DBB38-5931-47E2-AE13-EF627624C542}.Debug|x64.Build.0 = Debug|x64
		{CF7DBB38-5931-47E2-AE13-EF627624C542}.Debug|x86.ActiveCfg = Debug|x86
		{CF7DBB38-5931-47E2-AE13-EF627624C542}.Debug|x86.Build.0 = Debug|x86
		{CF7DBB38-5931-47E2-AE13-EF627624C542}.Release|Any CPU.ActiveCfg = Release|Any CPU
		{CF7DBB38-5931-47E2-AE13-EF627624C542}.Release|Any CPU.Build.0 = Release|Any CPU
		{CF7DBB38-5931-47E2-AE13-EF627624C542}.Release|x64.ActiveCfg = Release|x64
		{CF7DBB38-5931-47E2-AE13-EF627624C542}.Release|x64.Build.0 = Release|x64
		{CF7DBB38-5931-47E2-AE13-EF627624C542}.Release|x86.ActiveCfg = Release|x86
		{CF7DBB38-5931-47E2-AE13-EF627624C542}.Release|x86.Build.0 = Release|x86
	EndGlobalSection
	GlobalSection(NestedProjects) = preSolution
		{C08BB52B-CFC7-4C53-BEBB-CBBFCF309B55} = {EE67857F-9FAD-4C2B-AABC-3C592764C33C}
		{CF7DBB38-5931-47E2-AE13-EF627624C542} = {D45F1927-6DDD-4617-8A23-A03184A81F0F}
	EndGlobalSection
EndGlobal
